
Microsoft Visual Studio Solution File, Format Version 12.00
# Visual Studio Version 17
VisualStudioVersion = 17.8.34408.163
MinimumVisualStudioVersion = 10.0.40219.1
Project("{FAE04EC0-301F-11D3-BF4B-00C04F79EFBC}") = "Lab06_Blazor", "Lab06_Blazor\Lab06_Blazor.csproj", "{2A03E2FA-1EA8-4A9E-9302-380403EA1C62}"
EndProject
Global
	GlobalSection(SolutionConfigurationPlatforms) = preSolution
		Debug|Any CPU = Debug|Any CPU
		Release|Any CPU = Release|Any CPU
	EndGlobalSection
	GlobalSection(ProjectConfigurationPlatforms) = postSolution
		{2A03E2FA-1EA8-4A9E-9302-380403EA1C62}.Debug|Any CPU.ActiveCfg = Debug|Any CPU
		{2A03E2FA-1EA8-4A9E-9302-380403EA1C62}.Debug|Any CPU.Build.0 = Debug|Any CPU
		{2A03E2FA-1EA8-4A9E-9302-380403EA1C62}.Release|Any CPU.ActiveCfg = Release|Any CPU
		{2A03E2FA-1EA8-4A9E-9302-380403EA1C62}.Release|Any CPU.Build.0 = Release|Any CPU
	EndGlobalSection
	GlobalSection(SolutionProperties) = preSolution
		HideSolutionNode = FALSE
	EndGlobalSection
	GlobalSection(ExtensibilityGlobals) = postSolution
		SolutionGuid = {285FE0CB-8F68-4642-B198-B6FE412CE630}
	EndGlobalSection
EndGlobal
